<Solution>
  <Folder Name="/src/">
    <Project Path="src/McpAggregator.Core/McpAggregator.Core.csproj" />
    <Project Path="src/McpAggregator.HttpServer/McpAggregator.HttpServer.csproj" />
    <Project Path="src/McpAggregator.StdioServer/McpAggregator.StdioServer.csproj" />
  </Folder>
  <Folder Name="/test/">
    <Project Path="test/McpAggregator.Core.Tests/McpAggregator.Core.Tests.csproj" />
  </Folder>
</Solution>
